<?xml version="1.0" encoding="utf-8"?>
<Project ToolsVersion="4.0" xmlns="http://schemas.microsoft.com/developer/msbuild/2003">
  <ItemGroup>
    <Filter Include="Source Files">
      <UniqueIdentifier>{1040FAE9-C139-4226-8040-9ED5586E0FE6}</UniqueIdentifier>
      <Extensions>cpp;c;cc;cxx;def;odl;idl;hpj;bat;asm;asmx</Extensions>
    </Filter>
    <Filter Include="Header Files">
      <UniqueIdentifier>{7477DB57-76A1-4A24-B902-FCA046A1563D}</UniqueIdentifier>
      <Extensions>h;hpp;hxx;hm;inl;inc;xsd</Extensions>
    </Filter>
    <Filter Include="Resource Files">
      <UniqueIdentifier>{9BF0C1A8-5D42-4AAC-9645-425C2A80AAF4}</UniqueIdentifier>
      <Extensions>rc;ico;cur;bmp;dlg;rc2;rct;bin;rgs;gif;jpg;jpeg;jpe;resx;tiff;tif;png;wav</Extensions>
    </Filter>
    <Filter Include="Source Files\msw">
      <UniqueIdentifier>{d2159fcd-3a18-4b7b-8f0d-afc3c9fe60b5}</UniqueIdentifier>
    </Filter>
    <Filter Include="Header Files\msw">
      <UniqueIdentifier>{e8622733-fa75-4ffa-bfdb-f4009cf94aad}</UniqueIdentifier>
    </Filter>
  </ItemGroup>
  <ItemGroup>
    <ClCompile Include="..\src\Screenstagram2App.cpp">
      <Filter>Source Files</Filter>
    </ClCompile>
    <ClInclude Include="..\include\Resources.h">
      <Filter>Header Files</Filter>
    </ClInclude>
    <ClCompile Include="..\src\Back.cpp">
      <Filter>Source Files</Filter>
    </ClCompile>
    <ClCompile Include="..\src\BarOverlayView.cpp">
      <Filter>Source Files</Filter>
    </ClCompile>
    <ClCompile Include="..\src\ClassicRenderView.cpp">
      <Filter>Source Files</Filter>
    </ClCompile>
    <ClCompile Include="..\src\FlashView.cpp">
      <Filter>Source Files</Filter>
    </ClCompile>
    <ClCompile Include="..\src\InstagramImage.cpp">
      <Filter>Source Files</Filter>
    </ClCompile>
    <ClCompile Include="..\src\InstagramImageManager.cpp">
      <Filter>Source Files</Filter>
    </ClCompile>
    <ClCompile Include="..\src\LoaderView.cpp">
      <Filter>Source Files</Filter>
    </ClCompile>
    <ClCompile Include="..\src\PhotoFlashRenderView.cpp">
      <Filter>Source Files</Filter>
    </ClCompile>
    <ClCompile Include="..\src\RenderView.cpp">
      <Filter>Source Files</Filter>
    </ClCompile>
    <ClCompile Include="..\src\SwappableImage.cpp">
      <Filter>Source Files</Filter>
    </ClCompile>
    <ClCompile Include="..\src\TileTakeoverRenderView.cpp">
      <Filter>Source Files</Filter>
    </ClCompile>
    <ClCompile Include="..\src\InstagramImageFace.cpp">
      <Filter>Source Files</Filter>
    </ClCompile>
    <ClCompile Include="..\src\WindowData.cpp">
      <Filter>Source Files</Filter>
    </ClCompile>
    <ClCompile Include="..\src\MswConfigDialog.cpp">
      <Filter>Source Files\msw</Filter>
    </ClCompile>
  </ItemGroup>
  <ItemGroup>
    <ClInclude Include="..\include\Back.h">
      <Filter>Header Files</Filter>
    </ClInclude>
    <ClInclude Include="..\include\BarOverlayView.h">
      <Filter>Header Files</Filter>
    </ClInclude>
    <ClInclude Include="..\include\ClassicRenderView.h">
      <Filter>Header Files</Filter>
    </ClInclude>
    <ClInclude Include="..\include\Config.h">
      <Filter>Header Files</Filter>
    </ClInclude>
    <ClInclude Include="..\include\Configuration.h">
      <Filter>Header Files</Filter>
    </ClInclude>
    <ClInclude Include="..\include\FlashView.h">
      <Filter>Header Files</Filter>
    </ClInclude>
    <ClInclude Include="..\include\InstagramImage.h">
      <Filter>Header Files</Filter>
    </ClInclude>
    <ClInclude Include="..\include\InstagramImageManager.h">
      <Filter>Header Files</Filter>
    </ClInclude>
    <ClInclude Include="..\include\LoaderView.h">
      <Filter>Header Files</Filter>
    </ClInclude>
    <ClInclude Include="..\include\PhotoFlashRenderView.h">
      <Filter>Header Files</Filter>
    </ClInclude>
    <ClInclude Include="..\include\RenderView.h">
      <Filter>Header Files</Filter>
    </ClInclude>
    <ClInclude Include="..\include\SwappableImage.h">
      <Filter>Header Files</Filter>
    </ClInclude>
    <ClInclude Include="..\include\TileTakeoverRenderView.h">
      <Filter>Header Files</Filter>
    </ClInclude>
    <ClInclude Include="..\include\InstagramImageFace.h">
      <Filter>Header Files</Filter>
    </ClInclude>
    <ClInclude Include="..\include\WindowData.h">
      <Filter>Header Files</Filter>
    </ClInclude>
    <ClInclude Include="..\include\MswVersion.h">
      <Filter>Header Files\msw</Filter>
    </ClInclude>
    <ClInclude Include="..\include\MswConfigDialog.h">
      <Filter>Header Files\msw</Filter>
    </ClInclude>
    <ClInclude Include="..\include\MswUString.h">
      <Filter>Header Files\msw</Filter>
    </ClInclude>
    <ClInclude Include="..\include\MswURegistry.h">
      <Filter>Header Files\msw</Filter>
    </ClInclude>
    <ClInclude Include="..\include\MswCHttp.h">
      <Filter>Header Files\msw</Filter>
    </ClInclude>
    <ClInclude Include="..\include\FontMeta.h">
      <Filter>Header Files</Filter>
    </ClInclude>
  </ItemGroup>
  <ItemGroup>
    <ResourceCompile Include="Resources.rc">
      <Filter>Resource Files</Filter>
    </ResourceCompile>
    <ResourceCompile Include="MswVersion.rc">
      <Filter>Resource Files</Filter>
    </ResourceCompile>
    <ResourceCompile Include="MswConfigDialog.rc">
      <Filter>Resource Files</Filter>
    </ResourceCompile>
  </ItemGroup>
</Project>